{
  "name": "@coredaq/visa-service",
  "version": "0.1.0",
  "lockfileVersion": 3,
  "requires": true,
  "packages": {
    "": {
      "name": "@coredaq/visa-service",
      "version": "0.1.0",
      "dependencies": {
        "coreconsole-root": "file:../.."
      },
      "engines": {
        "node": ">=20"
      }
    },
    "../..": {
      "name": "coreconsole-root",
      "engines": {
        "node": "^20.0.0",
        "npm": "^10.0.0"
      }
    },
    "node_modules/coreconsole-root": {
      "resolved": "../..",
      "link": true
    }
  }
}
